// !$*UTF8*$!
{
	archiveVersion = 1;
	classes = {
	};
	objectVersion = 50;
	objects = {

/* Begin PBXBuildFile section */
		A407E77D21CCBF9A00F2B3E5 /* 112PathSum.swift in Sources */ = {isa = PBXBuildFile; fileRef = A407E77C21CCBF9A00F2B3E5 /* 112PathSum.swift */; };
		A407E77F21CCCC1700F2B3E5 /* 118Pascal'sTriangle.swift in Sources */ = {isa = PBXBuildFile; fileRef = A407E77E21CCCC1700F2B3E5 /* 118Pascal'sTriangle.swift */; };
		A407E78121CCDDC300F2B3E5 /* 119Pascal'sTriangle2.swift in Sources */ = {isa = PBXBuildFile; fileRef = A407E78021CCDDC300F2B3E5 /* 119Pascal'sTriangle2.swift */; };
		A407E78321D07B2F00F2B3E5 /* 167TwoSum2Inputarrayissorted.swift in Sources */ = {isa = PBXBuildFile; fileRef = A407E78221D07B2F00F2B3E5 /* 167TwoSum2Inputarrayissorted.swift */; };
		A407E78521D082D700F2B3E5 /* 168ExcelSheetColumnTitle.swift in Sources */ = {isa = PBXBuildFile; fileRef = A407E78421D082D700F2B3E5 /* 168ExcelSheetColumnTitle.swift */; };
		A407E78721D0ABF400F2B3E5 /* 169MajorityElement.swift in Sources */ = {isa = PBXBuildFile; fileRef = A407E78621D0ABF400F2B3E5 /* 169MajorityElement.swift */; };
		A407E78921D0B19E00F2B3E5 /* 171ExcelSheetColumnNumber.swift in Sources */ = {isa = PBXBuildFile; fileRef = A407E78821D0B19E00F2B3E5 /* 171ExcelSheetColumnNumber.swift */; };
		A407E78B21D223B900F2B3E5 /* 172FactorialTrailingZeroes.swift in Sources */ = {isa = PBXBuildFile; fileRef = A407E78A21D223B900F2B3E5 /* 172FactorialTrailingZeroes.swift */; };
		A407E78E21D337DA00F2B3E5 /* 189RotateArray.swift in Sources */ = {isa = PBXBuildFile; fileRef = A407E78D21D337DA00F2B3E5 /* 189RotateArray.swift */; };
		A407E79221D372BD00F2B3E5 /* 198HouseRobber.swift in Sources */ = {isa = PBXBuildFile; fileRef = A407E79121D372BD00F2B3E5 /* 198HouseRobber.swift */; };
		A407E79421D47AEB00F2B3E5 /* 202HappyNumber.swift in Sources */ = {isa = PBXBuildFile; fileRef = A407E79321D47AEB00F2B3E5 /* 202HappyNumber.swift */; };
		A407E79621D4A05A00F2B3E5 /* 203RemoveLinkedListElements.swift in Sources */ = {isa = PBXBuildFile; fileRef = A407E79521D4A05A00F2B3E5 /* 203RemoveLinkedListElements.swift */; };
		A407E79821D4B61600F2B3E5 /* 204CountPrimes.swift in Sources */ = {isa = PBXBuildFile; fileRef = A407E79721D4B61600F2B3E5 /* 204CountPrimes.swift */; };
		A418FF082150EC76009C099D /* tools.swift in Sources */ = {isa = PBXBuildFile; fileRef = A418FF062150EC76009C099D /* tools.swift */; };
		A418FF092150EC76009C099D /* main.swift in Sources */ = {isa = PBXBuildFile; fileRef = A418FF072150EC76009C099D /* main.swift */; };
		A418FF0B2150ED8F009C099D /* 053MaximumSubarray .swift in Sources */ = {isa = PBXBuildFile; fileRef = A418FF0A2150ED8F009C099D /* 053MaximumSubarray .swift */; };
		A468CE5121CE2B5A0056D88D /* 136SingleNumber.swift in Sources */ = {isa = PBXBuildFile; fileRef = A468CE5021CE2B5A0056D88D /* 136SingleNumber.swift */; };
		A46F977B21C67DA70026E1A5 /* 058LengthofLastWord.swift in Sources */ = {isa = PBXBuildFile; fileRef = A46F977A21C67DA70026E1A5 /* 058LengthofLastWord.swift */; };
		A46F977D21C68E230026E1A5 /* 066PlusOne.swift in Sources */ = {isa = PBXBuildFile; fileRef = A46F977C21C68E230026E1A5 /* 066PlusOne.swift */; };
		A46F977F21C7C0B60026E1A5 /* 067AddBinary.swift in Sources */ = {isa = PBXBuildFile; fileRef = A46F977E21C7C0B60026E1A5 /* 067AddBinary.swift */; };
		A46F978121C9127F0026E1A5 /* 100SameTree.swift in Sources */ = {isa = PBXBuildFile; fileRef = A46F978021C9127F0026E1A5 /* 100SameTree.swift */; };
		A46F978321C915370026E1A5 /* 101SymmetricTree.swift in Sources */ = {isa = PBXBuildFile; fileRef = A46F978221C915370026E1A5 /* 101SymmetricTree.swift */; };
		A46F978521C91D480026E1A5 /* 104MaximumDepthofBinaryTree.swift in Sources */ = {isa = PBXBuildFile; fileRef = A46F978421C91D480026E1A5 /* 104MaximumDepthofBinaryTree.swift */; };
		A46F978721C920B20026E1A5 /* 107BinaryTreeLevelOrderTraversalII.swift in Sources */ = {isa = PBXBuildFile; fileRef = A46F978621C920B20026E1A5 /* 107BinaryTreeLevelOrderTraversalII.swift */; };
		A46F978921CA68A70026E1A5 /* 108ConvertSortedArraytoBinarySearchTree.swift in Sources */ = {isa = PBXBuildFile; fileRef = A46F978821CA68A70026E1A5 /* 108ConvertSortedArraytoBinarySearchTree.swift */; };
		A46F978B21CBB2290026E1A5 /* 110BalancedBinaryTree.swift in Sources */ = {isa = PBXBuildFile; fileRef = A46F978A21CBB2290026E1A5 /* 110BalancedBinaryTree.swift */; };
		A46F978D21CBD84C0026E1A5 /* 111MinimumDepthofBinaryTree.swift in Sources */ = {isa = PBXBuildFile; fileRef = A46F978C21CBD84C0026E1A5 /* 111MinimumDepthofBinaryTree.swift */; };
		A46F978F21CD33DD0026E1A5 /* 121BestTimetoBuyandSellStock.swift in Sources */ = {isa = PBXBuildFile; fileRef = A46F978E21CD33DD0026E1A5 /* 121BestTimetoBuyandSellStock.swift */; };
		A46F979121CD47C20026E1A5 /* 122BestTimetoBuyandSellStock2.swift in Sources */ = {isa = PBXBuildFile; fileRef = A46F979021CD47C20026E1A5 /* 122BestTimetoBuyandSellStock2.swift */; };
		A46F979321CE097E0026E1A5 /* 125ValidPalindrome.swift in Sources */ = {isa = PBXBuildFile; fileRef = A46F979221CE097E0026E1A5 /* 125ValidPalindrome.swift */; };
		A4827DD521CF5EE900BF627D /* 155MinStack.swift in Sources */ = {isa = PBXBuildFile; fileRef = A4827DD421CF5EE900BF627D /* 155MinStack.swift */; };
		A4D5D67721C8C9BE00B7B7D1 /* 069Sqrt(x).swift in Sources */ = {isa = PBXBuildFile; fileRef = A4D5D67621C8C9BE00B7B7D1 /* 069Sqrt(x).swift */; };
		A4D5D67B21C8D4DF00B7B7D1 /* 070ClimbingStairs.swift in Sources */ = {isa = PBXBuildFile; fileRef = A4D5D67A21C8D4DF00B7B7D1 /* 070ClimbingStairs.swift */; };
		A4D5D67D21C8E1D600B7B7D1 /* 083RemoveDuplicatesfromSortedList.swift in Sources */ = {isa = PBXBuildFile; fileRef = A4D5D67C21C8E1D600B7B7D1 /* 083RemoveDuplicatesfromSortedList.swift */; };
		A4D5D67F21C8EC9D00B7B7D1 /* 088MergeSortedArray.swift in Sources */ = {isa = PBXBuildFile; fileRef = A4D5D67E21C8EC9D00B7B7D1 /* 088MergeSortedArray.swift */; };
/* End PBXBuildFile section */

/* Begin PBXCopyFilesBuildPhase section */
		A418FEE72150E3EC009C099D /* CopyFiles */ = {
			isa = PBXCopyFilesBuildPhase;
			buildActionMask = 2147483647;
			dstPath = /usr/share/man/man1/;
			dstSubfolderSpec = 0;
			files = (
			);
			runOnlyForDeploymentPostprocessing = 1;
		};
/* End PBXCopyFilesBuildPhase section */

/* Begin PBXFileReference section */
		A407E77C21CCBF9A00F2B3E5 /* 112PathSum.swift */ = {isa = PBXFileReference; lastKnownFileType = sourcecode.swift; path = 112PathSum.swift; sourceTree = "<group>"; };
		A407E77E21CCCC1700F2B3E5 /* 118Pascal'sTriangle.swift */ = {isa = PBXFileReference; lastKnownFileType = sourcecode.swift; path = "118Pascal'sTriangle.swift"; sourceTree = "<group>"; };
		A407E78021CCDDC300F2B3E5 /* 119Pascal'sTriangle2.swift */ = {isa = PBXFileReference; lastKnownFileType = sourcecode.swift; path = "119Pascal'sTriangle2.swift"; sourceTree = "<group>"; };
		A407E78221D07B2F00F2B3E5 /* 167TwoSum2Inputarrayissorted.swift */ = {isa = PBXFileReference; lastKnownFileType = sourcecode.swift; path = 167TwoSum2Inputarrayissorted.swift; sourceTree = "<group>"; };
		A407E78421D082D700F2B3E5 /* 168ExcelSheetColumnTitle.swift */ = {isa = PBXFileReference; lastKnownFileType = sourcecode.swift; path = 168ExcelSheetColumnTitle.swift; sourceTree = "<group>"; };
		A407E78621D0ABF400F2B3E5 /* 169MajorityElement.swift */ = {isa = PBXFileReference; lastKnownFileType = sourcecode.swift; path = 169MajorityElement.swift; sourceTree = "<group>"; };
		A407E78821D0B19E00F2B3E5 /* 171ExcelSheetColumnNumber.swift */ = {isa = PBXFileReference; lastKnownFileType = sourcecode.swift; path = 171ExcelSheetColumnNumber.swift; sourceTree = "<group>"; };
		A407E78A21D223B900F2B3E5 /* 172FactorialTrailingZeroes.swift */ = {isa = PBXFileReference; lastKnownFileType = sourcecode.swift; path = 172FactorialTrailingZeroes.swift; sourceTree = "<group>"; };
		A407E78C21D32CBF00F2B3E5 /* 183CustomersWhoNeverOrder.pch */ = {isa = PBXFileReference; lastKnownFileType = sourcecode.c.h; path = 183CustomersWhoNeverOrder.pch; sourceTree = "<group>"; };
		A407E78D21D337DA00F2B3E5 /* 189RotateArray.swift */ = {isa = PBXFileReference; lastKnownFileType = sourcecode.swift; path = 189RotateArray.swift; sourceTree = "<group>"; };
		A407E78F21D36D0000F2B3E5 /* 196DeleteDuplicateEmails.pch */ = {isa = PBXFileReference; lastKnownFileType = sourcecode.c.h; path = 196DeleteDuplicateEmails.pch; sourceTree = "<group>"; };
		A407E79021D370B200F2B3E5 /* 197RisingTemperature.pch */ = {isa = PBXFileReference; lastKnownFileType = sourcecode.c.h; path = 197RisingTemperature.pch; sourceTree = "<group>"; };
		A407E79121D372BD00F2B3E5 /* 198HouseRobber.swift */ = {isa = PBXFileReference; lastKnownFileType = sourcecode.swift; path = 198HouseRobber.swift; sourceTree = "<group>"; };
		A407E79321D47AEB00F2B3E5 /* 202HappyNumber.swift */ = {isa = PBXFileReference; lastKnownFileType = sourcecode.swift; path = 202HappyNumber.swift; sourceTree = "<group>"; };
		A407E79521D4A05A00F2B3E5 /* 203RemoveLinkedListElements.swift */ = {isa = PBXFileReference; lastKnownFileType = sourcecode.swift; path = 203RemoveLinkedListElements.swift; sourceTree = "<group>"; };
		A407E79721D4B61600F2B3E5 /* 204CountPrimes.swift */ = {isa = PBXFileReference; lastKnownFileType = sourcecode.swift; path = 204CountPrimes.swift; sourceTree = "<group>"; };
		A418FEE92150E3EC009C099D /* LeetCode */ = {isa = PBXFileReference; explicitFileType = "compiled.mach-o.executable"; includeInIndex = 0; path = LeetCode; sourceTree = BUILT_PRODUCTS_DIR; };
		A418FF062150EC76009C099D /* tools.swift */ = {isa = PBXFileReference; fileEncoding = 4; lastKnownFileType = sourcecode.swift; path = tools.swift; sourceTree = "<group>"; };
		A418FF072150EC76009C099D /* main.swift */ = {isa = PBXFileReference; fileEncoding = 4; lastKnownFileType = sourcecode.swift; path = main.swift; sourceTree = "<group>"; };
		A418FF0A2150ED8F009C099D /* 053MaximumSubarray .swift */ = {isa = PBXFileReference; lastKnownFileType = sourcecode.swift; path = "053MaximumSubarray .swift"; sourceTree = "<group>"; };
		A468CE5021CE2B5A0056D88D /* 136SingleNumber.swift */ = {isa = PBXFileReference; lastKnownFileType = sourcecode.swift; path = 136SingleNumber.swift; sourceTree = "<group>"; };
		A46CCF2521D260AD00D88D8D /* 175CombineTwoTables.pch */ = {isa = PBXFileReference; lastKnownFileType = sourcecode.c.h; path = 175CombineTwoTables.pch; sourceTree = "<group>"; };
		A46CCF2621D2614B00D88D8D /* 176SecondHighestSalary.pch */ = {isa = PBXFileReference; lastKnownFileType = sourcecode.c.h; path = 176SecondHighestSalary.pch; sourceTree = "<group>"; };
		A46CCF2721D261C100D88D8D /* 181EmployeesEarningMoreThanTheirManagers.pch */ = {isa = PBXFileReference; lastKnownFileType = sourcecode.c.h; path = 181EmployeesEarningMoreThanTheirManagers.pch; sourceTree = "<group>"; };
		A46CCF2821D2646300D88D8D /* 182DuplicateEmails.pch */ = {isa = PBXFileReference; lastKnownFileType = sourcecode.c.h; path = 182DuplicateEmails.pch; sourceTree = "<group>"; };
		A46F977A21C67DA70026E1A5 /* 058LengthofLastWord.swift */ = {isa = PBXFileReference; lastKnownFileType = sourcecode.swift; path = 058LengthofLastWord.swift; sourceTree = "<group>"; };
		A46F977C21C68E230026E1A5 /* 066PlusOne.swift */ = {isa = PBXFileReference; lastKnownFileType = sourcecode.swift; path = 066PlusOne.swift; sourceTree = "<group>"; };
		A46F977E21C7C0B60026E1A5 /* 067AddBinary.swift */ = {isa = PBXFileReference; lastKnownFileType = sourcecode.swift; path = 067AddBinary.swift; sourceTree = "<group>"; };
		A46F978021C9127F0026E1A5 /* 100SameTree.swift */ = {isa = PBXFileReference; lastKnownFileType = sourcecode.swift; path = 100SameTree.swift; sourceTree = "<group>"; };
		A46F978221C915370026E1A5 /* 101SymmetricTree.swift */ = {isa = PBXFileReference; lastKnownFileType = sourcecode.swift; path = 101SymmetricTree.swift; sourceTree = "<group>"; };
		A46F978421C91D480026E1A5 /* 104MaximumDepthofBinaryTree.swift */ = {isa = PBXFileReference; lastKnownFileType = sourcecode.swift; path = 104MaximumDepthofBinaryTree.swift; sourceTree = "<group>"; };
		A46F978621C920B20026E1A5 /* 107BinaryTreeLevelOrderTraversalII.swift */ = {isa = PBXFileReference; lastKnownFileType = sourcecode.swift; path = 107BinaryTreeLevelOrderTraversalII.swift; sourceTree = "<group>"; };
		A46F978821CA68A70026E1A5 /* 108ConvertSortedArraytoBinarySearchTree.swift */ = {isa = PBXFileReference; lastKnownFileType = sourcecode.swift; path = 108ConvertSortedArraytoBinarySearchTree.swift; sourceTree = "<group>"; };
		A46F978A21CBB2290026E1A5 /* 110BalancedBinaryTree.swift */ = {isa = PBXFileReference; lastKnownFileType = sourcecode.swift; path = 110BalancedBinaryTree.swift; sourceTree = "<group>"; };
		A46F978C21CBD84C0026E1A5 /* 111MinimumDepthofBinaryTree.swift */ = {isa = PBXFileReference; lastKnownFileType = sourcecode.swift; path = 111MinimumDepthofBinaryTree.swift; sourceTree = "<group>"; };
		A46F978E21CD33DD0026E1A5 /* 121BestTimetoBuyandSellStock.swift */ = {isa = PBXFileReference; lastKnownFileType = sourcecode.swift; path = 121BestTimetoBuyandSellStock.swift; sourceTree = "<group>"; };
		A46F979021CD47C20026E1A5 /* 122BestTimetoBuyandSellStock2.swift */ = {isa = PBXFileReference; lastKnownFileType = sourcecode.swift; path = 122BestTimetoBuyandSellStock2.swift; sourceTree = "<group>"; };
		A46F979221CE097E0026E1A5 /* 125ValidPalindrome.swift */ = {isa = PBXFileReference; lastKnownFileType = sourcecode.swift; path = 125ValidPalindrome.swift; sourceTree = "<group>"; };
		A4827DD421CF5EE900BF627D /* 155MinStack.swift */ = {isa = PBXFileReference; lastKnownFileType = sourcecode.swift; path = 155MinStack.swift; sourceTree = "<group>"; };
		A4D5D67621C8C9BE00B7B7D1 /* 069Sqrt(x).swift */ = {isa = PBXFileReference; lastKnownFileType = sourcecode.swift; path = "069Sqrt(x).swift"; sourceTree = "<group>"; };
		A4D5D67A21C8D4DF00B7B7D1 /* 070ClimbingStairs.swift */ = {isa = PBXFileReference; lastKnownFileType = sourcecode.swift; path = 070ClimbingStairs.swift; sourceTree = "<group>"; };
		A4D5D67C21C8E1D600B7B7D1 /* 083RemoveDuplicatesfromSortedList.swift */ = {isa = PBXFileReference; lastKnownFileType = sourcecode.swift; path = 083RemoveDuplicatesfromSortedList.swift; sourceTree = "<group>"; };
		A4D5D67E21C8EC9D00B7B7D1 /* 088MergeSortedArray.swift */ = {isa = PBXFileReference; lastKnownFileType = sourcecode.swift; path = 088MergeSortedArray.swift; sourceTree = "<group>"; };
/* End PBXFileReference section */

/* Begin PBXFrameworksBuildPhase section */
		A418FEE62150E3EC009C099D /* Frameworks */ = {
			isa = PBXFrameworksBuildPhase;
			buildActionMask = 2147483647;
			files = (
			);
			runOnlyForDeploymentPostprocessing = 0;
		};
/* End PBXFrameworksBuildPhase section */

/* Begin PBXGroup section */
		A418FEE02150E3EC009C099D = {
			isa = PBXGroup;
			children = (
				A418FF032150EC76009C099D /* LeetCode */,
				A418FEEA2150E3EC009C099D /* Products */,
			);
			sourceTree = "<group>";
		};
		A418FEEA2150E3EC009C099D /* Products */ = {
			isa = PBXGroup;
			children = (
				A418FEE92150E3EC009C099D /* LeetCode */,
			);
			name = Products;
			sourceTree = "<group>";
		};
		A418FF032150EC76009C099D /* LeetCode */ = {
			isa = PBXGroup;
			children = (
				A418FF042150EC76009C099D /* Code */,
				A418FF052150EC76009C099D /* Utils */,
			);
			path = LeetCode;
			sourceTree = "<group>";
		};
		A418FF042150EC76009C099D /* Code */ = {
			isa = PBXGroup;
			children = (
				A418FF0A2150ED8F009C099D /* 053MaximumSubarray .swift */,
				A46F977A21C67DA70026E1A5 /* 058LengthofLastWord.swift */,
				A46F977C21C68E230026E1A5 /* 066PlusOne.swift */,
				A46F977E21C7C0B60026E1A5 /* 067AddBinary.swift */,
				A4D5D67621C8C9BE00B7B7D1 /* 069Sqrt(x).swift */,
				A4D5D67A21C8D4DF00B7B7D1 /* 070ClimbingStairs.swift */,
				A4D5D67C21C8E1D600B7B7D1 /* 083RemoveDuplicatesfromSortedList.swift */,
				A4D5D67E21C8EC9D00B7B7D1 /* 088MergeSortedArray.swift */,
				A46F978021C9127F0026E1A5 /* 100SameTree.swift */,
				A46F978221C915370026E1A5 /* 101SymmetricTree.swift */,
				A46F978421C91D480026E1A5 /* 104MaximumDepthofBinaryTree.swift */,
				A46F978621C920B20026E1A5 /* 107BinaryTreeLevelOrderTraversalII.swift */,
				A46F978821CA68A70026E1A5 /* 108ConvertSortedArraytoBinarySearchTree.swift */,
				A46F978A21CBB2290026E1A5 /* 110BalancedBinaryTree.swift */,
				A46F978C21CBD84C0026E1A5 /* 111MinimumDepthofBinaryTree.swift */,
				A407E77C21CCBF9A00F2B3E5 /* 112PathSum.swift */,
				A407E77E21CCCC1700F2B3E5 /* 118Pascal'sTriangle.swift */,
				A407E78021CCDDC300F2B3E5 /* 119Pascal'sTriangle2.swift */,
				A46F978E21CD33DD0026E1A5 /* 121BestTimetoBuyandSellStock.swift */,
				A46F979021CD47C20026E1A5 /* 122BestTimetoBuyandSellStock2.swift */,
				A46F979221CE097E0026E1A5 /* 125ValidPalindrome.swift */,
				A468CE5021CE2B5A0056D88D /* 136SingleNumber.swift */,
				A4827DD421CF5EE900BF627D /* 155MinStack.swift */,
				A407E78221D07B2F00F2B3E5 /* 167TwoSum2Inputarrayissorted.swift */,
				A407E78421D082D700F2B3E5 /* 168ExcelSheetColumnTitle.swift */,
				A407E78621D0ABF400F2B3E5 /* 169MajorityElement.swift */,
				A407E78821D0B19E00F2B3E5 /* 171ExcelSheetColumnNumber.swift */,
				A407E78A21D223B900F2B3E5 /* 172FactorialTrailingZeroes.swift */,
				A46CCF2521D260AD00D88D8D /* 175CombineTwoTables.pch */,
				A46CCF2621D2614B00D88D8D /* 176SecondHighestSalary.pch */,
				A46CCF2721D261C100D88D8D /* 181EmployeesEarningMoreThanTheirManagers.pch */,
				A46CCF2821D2646300D88D8D /* 182DuplicateEmails.pch */,
				A407E78C21D32CBF00F2B3E5 /* 183CustomersWhoNeverOrder.pch */,
				A407E78D21D337DA00F2B3E5 /* 189RotateArray.swift */,
				A407E78F21D36D0000F2B3E5 /* 196DeleteDuplicateEmails.pch */,
				A407E79021D370B200F2B3E5 /* 197RisingTemperature.pch */,
				A407E79121D372BD00F2B3E5 /* 198HouseRobber.swift */,
				A407E79321D47AEB00F2B3E5 /* 202HappyNumber.swift */,
				A407E79521D4A05A00F2B3E5 /* 203RemoveLinkedListElements.swift */,
				A407E79721D4B61600F2B3E5 /* 204CountPrimes.swift */,
			);
			path = Code;
			sourceTree = "<group>";
		};
		A418FF052150EC76009C099D /* Utils */ = {
			isa = PBXGroup;
			children = (
				A418FF062150EC76009C099D /* tools.swift */,
				A418FF072150EC76009C099D /* main.swift */,
			);
			path = Utils;
			sourceTree = "<group>";
		};
/* End PBXGroup section */

/* Begin PBXNativeTarget section */
		A418FEE82150E3EC009C099D /* LeetCode */ = {
			isa = PBXNativeTarget;
			buildConfigurationList = A418FEF02150E3EC009C099D /* Build configuration list for PBXNativeTarget "LeetCode" */;
			buildPhases = (
				A418FEE52150E3EC009C099D /* Sources */,
				A418FEE62150E3EC009C099D /* Frameworks */,
				A418FEE72150E3EC009C099D /* CopyFiles */,
			);
			buildRules = (
			);
			dependencies = (
			);
			name = LeetCode;
			productName = LeetCode;
			productReference = A418FEE92150E3EC009C099D /* LeetCode */;
			productType = "com.apple.product-type.tool";
		};
/* End PBXNativeTarget section */

/* Begin PBXProject section */
		A418FEE12150E3EC009C099D /* Project object */ = {
			isa = PBXProject;
			attributes = {
				LastSwiftUpdateCheck = 0940;
				LastUpgradeCheck = 0940;
				ORGANIZATIONNAME = fadaixiaohai;
				TargetAttributes = {
					A418FEE82150E3EC009C099D = {
						CreatedOnToolsVersion = 9.4;
					};
				};
			};
			buildConfigurationList = A418FEE42150E3EC009C099D /* Build configuration list for PBXProject "LeetCode" */;
			compatibilityVersion = "Xcode 9.3";
			developmentRegion = en;
			hasScannedForEncodings = 0;
			knownRegions = (
				en,
			);
			mainGroup = A418FEE02150E3EC009C099D;
			productRefGroup = A418FEEA2150E3EC009C099D /* Products */;
			projectDirPath = "";
			projectRoot = "";
			targets = (
				A418FEE82150E3EC009C099D /* LeetCode */,
			);
		};
/* End PBXProject section */

/* Begin PBXSourcesBuildPhase section */
		A418FEE52150E3EC009C099D /* Sources */ = {
			isa = PBXSourcesBuildPhase;
			buildActionMask = 2147483647;
			files = (
				A46F978321C915370026E1A5 /* 101SymmetricTree.swift in Sources */,
				A46F977B21C67DA70026E1A5 /* 058LengthofLastWord.swift in Sources */,
				A418FF092150EC76009C099D /* main.swift in Sources */,
				A407E79421D47AEB00F2B3E5 /* 202HappyNumber.swift in Sources */,
				A46F977D21C68E230026E1A5 /* 066PlusOne.swift in Sources */,
				A418FF0B2150ED8F009C099D /* 053MaximumSubarray .swift in Sources */,
				A407E77D21CCBF9A00F2B3E5 /* 112PathSum.swift in Sources */,
				A407E79621D4A05A00F2B3E5 /* 203RemoveLinkedListElements.swift in Sources */,
				A407E79821D4B61600F2B3E5 /* 204CountPrimes.swift in Sources */,
				A4D5D67B21C8D4DF00B7B7D1 /* 070ClimbingStairs.swift in Sources */,
				A46F977F21C7C0B60026E1A5 /* 067AddBinary.swift in Sources */,
				A46F978B21CBB2290026E1A5 /* 110BalancedBinaryTree.swift in Sources */,
				A407E77F21CCCC1700F2B3E5 /* 118Pascal'sTriangle.swift in Sources */,
				A46F979321CE097E0026E1A5 /* 125ValidPalindrome.swift in Sources */,
				A418FF082150EC76009C099D /* tools.swift in Sources */,
				A407E78721D0ABF400F2B3E5 /* 169MajorityElement.swift in Sources */,
				A46F979121CD47C20026E1A5 /* 122BestTimetoBuyandSellStock2.swift in Sources */,
				A468CE5121CE2B5A0056D88D /* 136SingleNumber.swift in Sources */,
				A407E78921D0B19E00F2B3E5 /* 171ExcelSheetColumnNumber.swift in Sources */,
				A407E78321D07B2F00F2B3E5 /* 167TwoSum2Inputarrayissorted.swift in Sources */,
				A407E79221D372BD00F2B3E5 /* 198HouseRobber.swift in Sources */,
				A46F978721C920B20026E1A5 /* 107BinaryTreeLevelOrderTraversalII.swift in Sources */,
				A46F978D21CBD84C0026E1A5 /* 111MinimumDepthofBinaryTree.swift in Sources */,
				A46F978921CA68A70026E1A5 /* 108ConvertSortedArraytoBinarySearchTree.swift in Sources */,
				A407E78121CCDDC300F2B3E5 /* 119Pascal'sTriangle2.swift in Sources */,
				A407E78E21D337DA00F2B3E5 /* 189RotateArray.swift in Sources */,
				A407E78521D082D700F2B3E5 /* 168ExcelSheetColumnTitle.swift in Sources */,
				A4D5D67D21C8E1D600B7B7D1 /* 083RemoveDuplicatesfromSortedList.swift in Sources */,
				A4D5D67F21C8EC9D00B7B7D1 /* 088MergeSortedArray.swift in Sources */,
				A4D5D67721C8C9BE00B7B7D1 /* 069Sqrt(x).swift in Sources */,
				A46F978F21CD33DD0026E1A5 /* 121BestTimetoBuyandSellStock.swift in Sources */,
				A407E78B21D223B900F2B3E5 /* 172FactorialTrailingZeroes.swift in Sources */,
				A4827DD521CF5EE900BF627D /* 155MinStack.swift in Sources */,
				A46F978521C91D480026E1A5 /* 104MaximumDepthofBinaryTree.swift in Sources */,
				A46F978121C9127F0026E1A5 /* 100SameTree.swift in Sources */,
			);
			runOnlyForDeploymentPostprocessing = 0;
		};
/* End PBXSourcesBuildPhase section */

/* Begin XCBuildConfiguration section */
		A418FEEE2150E3EC009C099D /* Debug */ = {
			isa = XCBuildConfiguration;
			buildSettings = {
				ALWAYS_SEARCH_USER_PATHS = NO;
				CLANG_ANALYZER_NONNULL = YES;
				CLANG_ANALYZER_NUMBER_OBJECT_CONVERSION = YES_AGGRESSIVE;
				CLANG_CXX_LANGUAGE_STANDARD = "gnu++14";
				CLANG_CXX_LIBRARY = "libc++";
				CLANG_ENABLE_MODULES = YES;
				CLANG_ENABLE_OBJC_ARC = YES;
				CLANG_ENABLE_OBJC_WEAK = YES;
				CLANG_WARN_BLOCK_CAPTURE_AUTORELEASING = YES;
				CLANG_WARN_BOOL_CONVERSION = YES;
				CLANG_WARN_COMMA = YES;
				CLANG_WARN_CONSTANT_CONVERSION = YES;
				CLANG_WARN_DEPRECATED_OBJC_IMPLEMENTATIONS = YES;
				CLANG_WARN_DIRECT_OBJC_ISA_USAGE = YES_ERROR;
				CLANG_WARN_DOCUMENTATION_COMMENTS = YES;
				CLANG_WARN_EMPTY_BODY = YES;
				CLANG_WARN_ENUM_CONVERSION = YES;
				CLANG_WARN_INFINITE_RECURSION = YES;
				CLANG_WARN_INT_CONVERSION = YES;
				CLANG_WARN_NON_LITERAL_NULL_CONVERSION = YES;
				CLANG_WARN_OBJC_IMPLICIT_RETAIN_SELF = YES;
				CLANG_WARN_OBJC_LITERAL_CONVERSION = YES;
				CLANG_WARN_OBJC_ROOT_CLASS = YES_ERROR;
				CLANG_WARN_RANGE_LOOP_ANALYSIS = YES;
				CLANG_WARN_STRICT_PROTOTYPES = YES;
				CLANG_WARN_SUSPICIOUS_MOVE = YES;
				CLANG_WARN_UNGUARDED_AVAILABILITY = YES_AGGRESSIVE;
				CLANG_WARN_UNREACHABLE_CODE = YES;
				CLANG_WARN__DUPLICATE_METHOD_MATCH = YES;
				CODE_SIGN_IDENTITY = "-";
				COPY_PHASE_STRIP = NO;
				DEBUG_INFORMATION_FORMAT = dwarf;
				ENABLE_STRICT_OBJC_MSGSEND = YES;
				ENABLE_TESTABILITY = YES;
				GCC_C_LANGUAGE_STANDARD = gnu11;
				GCC_DYNAMIC_NO_PIC = NO;
				GCC_NO_COMMON_BLOCKS = YES;
				GCC_OPTIMIZATION_LEVEL = 0;
				GCC_PREPROCESSOR_DEFINITIONS = (
					"DEBUG=1",
					"$(inherited)",
				);
				GCC_WARN_64_TO_32_BIT_CONVERSION = YES;
				GCC_WARN_ABOUT_RETURN_TYPE = YES_ERROR;
				GCC_WARN_UNDECLARED_SELECTOR = YES;
				GCC_WARN_UNINITIALIZED_AUTOS = YES_AGGRESSIVE;
				GCC_WARN_UNUSED_FUNCTION = YES;
				GCC_WARN_UNUSED_VARIABLE = YES;
				MACOSX_DEPLOYMENT_TARGET = 10.13;
				MTL_ENABLE_DEBUG_INFO = YES;
				ONLY_ACTIVE_ARCH = YES;
				SDKROOT = macosx;
				SWIFT_ACTIVE_COMPILATION_CONDITIONS = DEBUG;
				SWIFT_OPTIMIZATION_LEVEL = "-Onone";
			};
			name = Debug;
		};
		A418FEEF2150E3EC009C099D /* Release */ = {
			isa = XCBuildConfiguration;
			buildSettings = {
				ALWAYS_SEARCH_USER_PATHS = NO;
				CLANG_ANALYZER_NONNULL = YES;
				CLANG_ANALYZER_NUMBER_OBJECT_CONVERSION = YES_AGGRESSIVE;
				CLANG_CXX_LANGUAGE_STANDARD = "gnu++14";
				CLANG_CXX_LIBRARY = "libc++";
				CLANG_ENABLE_MODULES = YES;
				CLANG_ENABLE_OBJC_ARC = YES;
				CLANG_ENABLE_OBJC_WEAK = YES;
				CLANG_WARN_BLOCK_CAPTURE_AUTORELEASING = YES;
				CLANG_WARN_BOOL_CONVERSION = YES;
				CLANG_WARN_COMMA = YES;
				CLANG_WARN_CONSTANT_CONVERSION = YES;
				CLANG_WARN_DEPRECATED_OBJC_IMPLEMENTATIONS = YES;
				CLANG_WARN_DIRECT_OBJC_ISA_USAGE = YES_ERROR;
				CLANG_WARN_DOCUMENTATION_COMMENTS = YES;
				CLANG_WARN_EMPTY_BODY = YES;
				CLANG_WARN_ENUM_CONVERSION = YES;
				CLANG_WARN_INFINITE_RECURSION = YES;
				CLANG_WARN_INT_CONVERSION = YES;
				CLANG_WARN_NON_LITERAL_NULL_CONVERSION = YES;
				CLANG_WARN_OBJC_IMPLICIT_RETAIN_SELF = YES;
				CLANG_WARN_OBJC_LITERAL_CONVERSION = YES;
				CLANG_WARN_OBJC_ROOT_CLASS = YES_ERROR;
				CLANG_WARN_RANGE_LOOP_ANALYSIS = YES;
				CLANG_WARN_STRICT_PROTOTYPES = YES;
				CLANG_WARN_SUSPICIOUS_MOVE = YES;
				CLANG_WARN_UNGUARDED_AVAILABILITY = YES_AGGRESSIVE;
				CLANG_WARN_UNREACHABLE_CODE = YES;
				CLANG_WARN__DUPLICATE_METHOD_MATCH = YES;
				CODE_SIGN_IDENTITY = "-";
				COPY_PHASE_STRIP = NO;
				DEBUG_INFORMATION_FORMAT = "dwarf-with-dsym";
				ENABLE_NS_ASSERTIONS = NO;
				ENABLE_STRICT_OBJC_MSGSEND = YES;
				GCC_C_LANGUAGE_STANDARD = gnu11;
				GCC_NO_COMMON_BLOCKS = YES;
				GCC_WARN_64_TO_32_BIT_CONVERSION = YES;
				GCC_WARN_ABOUT_RETURN_TYPE = YES_ERROR;
				GCC_WARN_UNDECLARED_SELECTOR = YES;
				GCC_WARN_UNINITIALIZED_AUTOS = YES_AGGRESSIVE;
				GCC_WARN_UNUSED_FUNCTION = YES;
				GCC_WARN_UNUSED_VARIABLE = YES;
				MACOSX_DEPLOYMENT_TARGET = 10.13;
				MTL_ENABLE_DEBUG_INFO = NO;
				SDKROOT = macosx;
				SWIFT_COMPILATION_MODE = wholemodule;
				SWIFT_OPTIMIZATION_LEVEL = "-O";
			};
			name = Release;
		};
		A418FEF12150E3EC009C099D /* Debug */ = {
			isa = XCBuildConfiguration;
			buildSettings = {
				CODE_SIGN_STYLE = Automatic;
				PRODUCT_NAME = "$(TARGET_NAME)";
				SWIFT_VERSION = 4.0;
			};
			name = Debug;
		};
		A418FEF22150E3EC009C099D /* Release */ = {
			isa = XCBuildConfiguration;
			buildSettings = {
				CODE_SIGN_STYLE = Automatic;
				PRODUCT_NAME = "$(TARGET_NAME)";
				SWIFT_VERSION = 4.0;
			};
			name = Release;
		};
/* End XCBuildConfiguration section */

/* Begin XCConfigurationList section */
		A418FEE42150E3EC009C099D /* Build configuration list for PBXProject "LeetCode" */ = {
			isa = XCConfigurationList;
			buildConfigurations = (
				A418FEEE2150E3EC009C099D /* Debug */,
				A418FEEF2150E3EC009C099D /* Release */,
			);
			defaultConfigurationIsVisible = 0;
			defaultConfigurationName = Release;
		};
		A418FEF02150E3EC009C099D /* Build configuration list for PBXNativeTarget "LeetCode" */ = {
			isa = XCConfigurationList;
			buildConfigurations = (
				A418FEF12150E3EC009C099D /* Debug */,
				A418FEF22150E3EC009C099D /* Release */,
			);
			defaultConfigurationIsVisible = 0;
			defaultConfigurationName = Release;
		};
/* End XCConfigurationList section */
	};
	rootObject = A418FEE12150E3EC009C099D /* Project object */;
}
